{
  "name": "car_rental",
  "lockfileVersion": 3,
  "requires": true,
  "packages": {
    "": {
      "dependencies": {
        "paytmchecksum": "^1.5.0"
      }
    },
    "node_modules/paytmchecksum": {
      "version": "1.5.0",
      "resolved": "https://registry.npmjs.org/paytmchecksum/-/paytmchecksum-1.5.0.tgz",
      "integrity": "sha512-TQZn/YKEJ6P+OwJGmKXMKkkgUA0VxDISPcQTKre9ZWVLjp7EzVjB+ITGSChnAUpMn23QXCgAXO8JQDVncqcA5w=="
    }
  }
}
